// !$*UTF8*$!
{
	archiveVersion = 1;
	classes = {
	};
	objectVersion = 46;
	objects = {

/* Begin PBXBuildFile section */
		5C780B47139BCA3E001C33CD /* icon.png in Resources */ = {isa = PBXBuildFile; fileRef = 5C780B46139BCA3E001C33CD /* icon.png */; };
		5C780B4A139BCA4A001C33CD /* icon@2x.png in Resources */ = {isa = PBXBuildFile; fileRef = 5C780B49139BCA4A001C33CD /* icon@2x.png */; };
		5C780B4C139BCA54001C33CD /* icon-72.png in Resources */ = {isa = PBXBuildFile; fileRef = 5C780B4B139BCA54001C33CD /* icon-72.png */; };
		5C86E02D139B9D5F002E69DA /* Foundation.framework in Frameworks */ = {isa = PBXBuildFile; fileRef = 5C86E02C139B9D5F002E69DA /* Foundation.framework */; };
		5C86E02F139B9D5F002E69DA /* UIKit.framework in Frameworks */ = {isa = PBXBuildFile; fileRef = 5C86E02E139B9D5F002E69DA /* UIKit.framework */; };
		5C86E031139B9D5F002E69DA /* CoreGraphics.framework in Frameworks */ = {isa = PBXBuildFile; fileRef = 5C86E030139B9D5F002E69DA /* CoreGraphics.framework */; };
		5C86E033139B9D5F002E69DA /* AddressBook.framework in Frameworks */ = {isa = PBXBuildFile; fileRef = 5C86E032139B9D5F002E69DA /* AddressBook.framework */; };
		5C86E035139B9D5F002E69DA /* AddressBookUI.framework in Frameworks */ = {isa = PBXBuildFile; fileRef = 5C86E034139B9D5F002E69DA /* AddressBookUI.framework */; };
		5C86E037139B9D5F002E69DA /* AudioToolbox.framework in Frameworks */ = {isa = PBXBuildFile; fileRef = 5C86E036139B9D5F002E69DA /* AudioToolbox.framework */; };
		5C86E039139B9D5F002E69DA /* AVFoundation.framework in Frameworks */ = {isa = PBXBuildFile; fileRef = 5C86E038139B9D5F002E69DA /* AVFoundation.framework */; };
		5C86E03B139B9D5F002E69DA /* CoreLocation.framework in Frameworks */ = {isa = PBXBuildFile; fileRef = 5C86E03A139B9D5F002E69DA /* CoreLocation.framework */; };
		5C86E03D139B9D5F002E69DA /* MediaPlayer.framework in Frameworks */ = {isa = PBXBuildFile; fileRef = 5C86E03C139B9D5F002E69DA /* MediaPlayer.framework */; };
		5C86E03F139B9D5F002E69DA /* QuartzCore.framework in Frameworks */ = {isa = PBXBuildFile; fileRef = 5C86E03E139B9D5F002E69DA /* QuartzCore.framework */; };
		5C86E041139B9D5F002E69DA /* SystemConfiguration.framework in Frameworks */ = {isa = PBXBuildFile; fileRef = 5C86E040139B9D5F002E69DA /* SystemConfiguration.framework */; };
		5C86E043139B9D5F002E69DA /* MobileCoreServices.framework in Frameworks */ = {isa = PBXBuildFile; fileRef = 5C86E042139B9D5F002E69DA /* MobileCoreServices.framework */; };
		5C86E04D139B9D5F002E69DA /* main.m in Sources */ = {isa = PBXBuildFile; fileRef = 5C86E04C139B9D5F002E69DA /* main.m */; };
		5C86E04F139B9D5F002E69DA /* PhoneGap.framework in Frameworks */ = {isa = PBXBuildFile; fileRef = 5C86E04E139B9D5F002E69DA /* PhoneGap.framework */; };
		5C86E053139B9D5F002E69DA /* icon.png in Resources */ = {isa = PBXBuildFile; fileRef = 5C86E052139B9D5F002E69DA /* icon.png */; };
		5C86E055139B9D5F002E69DA /* icon@2x.png in Resources */ = {isa = PBXBuildFile; fileRef = 5C86E054139B9D5F002E69DA /* icon@2x.png */; };
		5C86E057139B9D5F002E69DA /* icon-72.png in Resources */ = {isa = PBXBuildFile; fileRef = 5C86E056139B9D5F002E69DA /* icon-72.png */; };
		5C86E05A139B9D5F002E69DA /* Default.png in Resources */ = {isa = PBXBuildFile; fileRef = 5C86E059139B9D5F002E69DA /* Default.png */; };
		5C86E05C139B9D5F002E69DA /* Default@2x.png in Resources */ = {isa = PBXBuildFile; fileRef = 5C86E05B139B9D5F002E69DA /* Default@2x.png */; };
		5C86E05E139B9D5F002E69DA /* Default~iPad.png in Resources */ = {isa = PBXBuildFile; fileRef = 5C86E05D139B9D5F002E69DA /* Default~iPad.png */; };
		5C86E060139B9D5F002E69DA /* PhoneGap.plist in Resources */ = {isa = PBXBuildFile; fileRef = 5C86E05F139B9D5F002E69DA /* PhoneGap.plist */; };
		5C86E063139B9D5F002E69DA /* AppDelegate.h in Resources */ = {isa = PBXBuildFile; fileRef = 5C86E062139B9D5F002E69DA /* AppDelegate.h */; };
		5C86E065139B9D5F002E69DA /* AppDelegate.m in Sources */ = {isa = PBXBuildFile; fileRef = 5C86E064139B9D5F002E69DA /* AppDelegate.m */; };
		5C86E068139B9D5F002E69DA /* README in Resources */ = {isa = PBXBuildFile; fileRef = 5C86E067139B9D5F002E69DA /* README */; };
		5C86E06F139B9D8D002E69DA /* www in Resources */ = {isa = PBXBuildFile; fileRef = 5C86E06E139B9D8D002E69DA /* www */; };
		5C86E073139BA3A4002E69DA /* Default-Portrait~ipad.png in Resources */ = {isa = PBXBuildFile; fileRef = 5C86E072139BA3A4002E69DA /* Default-Portrait~ipad.png */; };
/* End PBXBuildFile section */

/* Begin PBXFileReference section */
		5C780B46139BCA3E001C33CD /* icon.png */ = {isa = PBXFileReference; lastKnownFileType = image.png; path = icon.png; sourceTree = "<group>"; };
		5C780B49139BCA4A001C33CD /* icon@2x.png */ = {isa = PBXFileReference; lastKnownFileType = image.png; path = "icon@2x.png"; sourceTree = "<group>"; };
		5C780B4B139BCA54001C33CD /* icon-72.png */ = {isa = PBXFileReference; lastKnownFileType = image.png; path = "icon-72.png"; sourceTree = "<group>"; };
		5C86E028139B9D5F002E69DA /* iStudent.app */ = {isa = PBXFileReference; explicitFileType = wrapper.application; includeInIndex = 0; path = iStudent.app; sourceTree = BUILT_PRODUCTS_DIR; };
		5C86E02C139B9D5F002E69DA /* Foundation.framework */ = {isa = PBXFileReference; lastKnownFileType = wrapper.framework; name = Foundation.framework; path = System/Library/Frameworks/Foundation.framework; sourceTree = SDKROOT; };
		5C86E02E139B9D5F002E69DA /* UIKit.framework */ = {isa = PBXFileReference; lastKnownFileType = wrapper.framework; name = UIKit.framework; path = System/Library/Frameworks/UIKit.framework; sourceTree = SDKROOT; };
		5C86E030139B9D5F002E69DA /* CoreGraphics.framework */ = {isa = PBXFileReference; lastKnownFileType = wrapper.framework; name = CoreGraphics.framework; path = System/Library/Frameworks/CoreGraphics.framework; sourceTree = SDKROOT; };
		5C86E032139B9D5F002E69DA /* AddressBook.framework */ = {isa = PBXFileReference; lastKnownFileType = wrapper.framework; name = AddressBook.framework; path = System/Library/Frameworks/AddressBook.framework; sourceTree = SDKROOT; };
		5C86E034139B9D5F002E69DA /* AddressBookUI.framework */ = {isa = PBXFileReference; lastKnownFileType = wrapper.framework; name = AddressBookUI.framework; path = System/Library/Frameworks/AddressBookUI.framework; sourceTree = SDKROOT; };
		5C86E036139B9D5F002E69DA /* AudioToolbox.framework */ = {isa = PBXFileReference; lastKnownFileType = wrapper.framework; name = AudioToolbox.framework; path = System/Library/Frameworks/AudioToolbox.framework; sourceTree = SDKROOT; };
		5C86E038139B9D5F002E69DA /* AVFoundation.framework */ = {isa = PBXFileReference; lastKnownFileType = wrapper.framework; name = AVFoundation.framework; path = System/Library/Frameworks/AVFoundation.framework; sourceTree = SDKROOT; };
		5C86E03A139B9D5F002E69DA /* CoreLocation.framework */ = {isa = PBXFileReference; lastKnownFileType = wrapper.framework; name = CoreLocation.framework; path = System/Library/Frameworks/CoreLocation.framework; sourceTree = SDKROOT; };
		5C86E03C139B9D5F002E69DA /* MediaPlayer.framework */ = {isa = PBXFileReference; lastKnownFileType = wrapper.framework; name = MediaPlayer.framework; path = System/Library/Frameworks/MediaPlayer.framework; sourceTree = SDKROOT; };
		5C86E03E139B9D5F002E69DA /* QuartzCore.framework */ = {isa = PBXFileReference; lastKnownFileType = wrapper.framework; name = QuartzCore.framework; path = System/Library/Frameworks/QuartzCore.framework; sourceTree = SDKROOT; };
		5C86E040139B9D5F002E69DA /* SystemConfiguration.framework */ = {isa = PBXFileReference; lastKnownFileType = wrapper.framework; name = SystemConfiguration.framework; path = System/Library/Frameworks/SystemConfiguration.framework; sourceTree = SDKROOT; };
		5C86E042139B9D5F002E69DA /* MobileCoreServices.framework */ = {isa = PBXFileReference; lastKnownFileType = wrapper.framework; name = MobileCoreServices.framework; path = System/Library/Frameworks/MobileCoreServices.framework; sourceTree = SDKROOT; };
		5C86E046139B9D5F002E69DA /* iStudent-Info.plist */ = {isa = PBXFileReference; lastKnownFileType = text.plist.xml; path = "iStudent-Info.plist"; sourceTree = "<group>"; };
		5C86E049139B9D5F002E69DA /* en */ = {isa = PBXFileReference; lastKnownFileType = text.plist.strings; name = en; path = en.lproj/InfoPlist.strings; sourceTree = "<group>"; };
		5C86E04B139B9D5F002E69DA /* iStudent-Prefix.pch */ = {isa = PBXFileReference; lastKnownFileType = sourcecode.c.h; path = "iStudent-Prefix.pch"; sourceTree = "<group>"; };
		5C86E04C139B9D5F002E69DA /* main.m */ = {isa = PBXFileReference; lastKnownFileType = sourcecode.c.objc; path = main.m; sourceTree = "<group>"; };
		5C86E04E139B9D5F002E69DA /* PhoneGap.framework */ = {isa = PBXFileReference; lastKnownFileType = wrapper.framework; name = PhoneGap.framework; path = /Users/Shared/PhoneGap/Frameworks/PhoneGap.framework; sourceTree = "<absolute>"; };
		5C86E052139B9D5F002E69DA /* icon.png */ = {isa = PBXFileReference; lastKnownFileType = image.png; name = icon.png; path = Resources/icons/icon.png; sourceTree = "<group>"; };
		5C86E054139B9D5F002E69DA /* icon@2x.png */ = {isa = PBXFileReference; lastKnownFileType = image.png; name = "icon@2x.png"; path = "Resources/icons/icon@2x.png"; sourceTree = "<group>"; };
		5C86E056139B9D5F002E69DA /* icon-72.png */ = {isa = PBXFileReference; lastKnownFileType = image.png; name = "icon-72.png"; path = "Resources/icons/icon-72.png"; sourceTree = "<group>"; };
		5C86E059139B9D5F002E69DA /* Default.png */ = {isa = PBXFileReference; lastKnownFileType = image.png; name = Default.png; path = Resources/splash/Default.png; sourceTree = "<group>"; };
		5C86E05B139B9D5F002E69DA /* Default@2x.png */ = {isa = PBXFileReference; lastKnownFileType = image.png; name = "Default@2x.png"; path = "Resources/splash/Default@2x.png"; sourceTree = "<group>"; };
		5C86E05D139B9D5F002E69DA /* Default~iPad.png */ = {isa = PBXFileReference; lastKnownFileType = image.png; name = "Default~iPad.png"; path = "Resources/splash/Default~iPad.png"; sourceTree = "<group>"; };
		5C86E05F139B9D5F002E69DA /* PhoneGap.plist */ = {isa = PBXFileReference; lastKnownFileType = text.plist.xml; path = PhoneGap.plist; sourceTree = "<group>"; };
		5C86E062139B9D5F002E69DA /* AppDelegate.h */ = {isa = PBXFileReference; lastKnownFileType = sourcecode.c.h; name = AppDelegate.h; path = Classes/AppDelegate.h; sourceTree = "<group>"; };
		5C86E064139B9D5F002E69DA /* AppDelegate.m */ = {isa = PBXFileReference; lastKnownFileType = sourcecode.c.objc; name = AppDelegate.m; path = Classes/AppDelegate.m; sourceTree = "<group>"; };
		5C86E067139B9D5F002E69DA /* README */ = {isa = PBXFileReference; lastKnownFileType = text; name = README; path = Plugins/README; sourceTree = "<group>"; };
		5C86E06E139B9D8D002E69DA /* www */ = {isa = PBXFileReference; lastKnownFileType = folder; path = www; sourceTree = "<group>"; };
		5C86E072139BA3A4002E69DA /* Default-Portrait~ipad.png */ = {isa = PBXFileReference; lastKnownFileType = image.png; name = "Default-Portrait~ipad.png"; path = "../Default-Portrait~ipad.png"; sourceTree = "<group>"; };
/* End PBXFileReference section */

/* Begin PBXFrameworksBuildPhase section */
		5C86E022139B9D5F002E69DA /* Frameworks */ = {
			isa = PBXFrameworksBuildPhase;
			buildActionMask = 2147483647;
			files = (
				5C86E02D139B9D5F002E69DA /* Foundation.framework in Frameworks */,
				5C86E02F139B9D5F002E69DA /* UIKit.framework in Frameworks */,
				5C86E031139B9D5F002E69DA /* CoreGraphics.framework in Frameworks */,
				5C86E033139B9D5F002E69DA /* AddressBook.framework in Frameworks */,
				5C86E035139B9D5F002E69DA /* AddressBookUI.framework in Frameworks */,
				5C86E037139B9D5F002E69DA /* AudioToolbox.framework in Frameworks */,
				5C86E039139B9D5F002E69DA /* AVFoundation.framework in Frameworks */,
				5C86E03B139B9D5F002E69DA /* CoreLocation.framework in Frameworks */,
				5C86E03D139B9D5F002E69DA /* MediaPlayer.framework in Frameworks */,
				5C86E03F139B9D5F002E69DA /* QuartzCore.framework in Frameworks */,
				5C86E041139B9D5F002E69DA /* SystemConfiguration.framework in Frameworks */,
				5C86E043139B9D5F002E69DA /* MobileCoreServices.framework in Frameworks */,
				5C86E04F139B9D5F002E69DA /* PhoneGap.framework in Frameworks */,
			);
			runOnlyForDeploymentPostprocessing = 0;
		};
		5C86E025139B9D5F002E69DA /* Frameworks */ = {
			isa = PBXFrameworksBuildPhase;
			buildActionMask = 2147483647;
			files = (
			);
			runOnlyForDeploymentPostprocessing = 0;
		};
/* End PBXFrameworksBuildPhase section */

/* Begin PBXGroup section */
		5C86E01A139B9D5F002E69DA = {
			isa = PBXGroup;
			children = (
				5C780B4B139BCA54001C33CD /* icon-72.png */,
				5C780B49139BCA4A001C33CD /* icon@2x.png */,
				5C780B46139BCA3E001C33CD /* icon.png */,
				5C86E06E139B9D8D002E69DA /* www */,
				5C86E044139B9D5F002E69DA /* iStudent */,
				5C86E02B139B9D5F002E69DA /* Frameworks */,
				5C86E029139B9D5F002E69DA /* Products */,
			);
			sourceTree = "<group>";
		};
		5C86E029139B9D5F002E69DA /* Products */ = {
			isa = PBXGroup;
			children = (
				5C86E028139B9D5F002E69DA /* iStudent.app */,
			);
			name = Products;
			sourceTree = "<group>";
		};
		5C86E02B139B9D5F002E69DA /* Frameworks */ = {
			isa = PBXGroup;
			children = (
				5C86E02C139B9D5F002E69DA /* Foundation.framework */,
				5C86E02E139B9D5F002E69DA /* UIKit.framework */,
				5C86E030139B9D5F002E69DA /* CoreGraphics.framework */,
				5C86E032139B9D5F002E69DA /* AddressBook.framework */,
				5C86E034139B9D5F002E69DA /* AddressBookUI.framework */,
				5C86E036139B9D5F002E69DA /* AudioToolbox.framework */,
				5C86E038139B9D5F002E69DA /* AVFoundation.framework */,
				5C86E03A139B9D5F002E69DA /* CoreLocation.framework */,
				5C86E03C139B9D5F002E69DA /* MediaPlayer.framework */,
				5C86E03E139B9D5F002E69DA /* QuartzCore.framework */,
				5C86E040139B9D5F002E69DA /* SystemConfiguration.framework */,
				5C86E042139B9D5F002E69DA /* MobileCoreServices.framework */,
			);
			name = Frameworks;
			sourceTree = "<group>";
		};
		5C86E044139B9D5F002E69DA /* iStudent */ = {
			isa = PBXGroup;
			children = (
				5C86E04E139B9D5F002E69DA /* PhoneGap.framework */,
				5C86E050139B9D5F002E69DA /* Resources */,
				5C86E061139B9D5F002E69DA /* Classes */,
				5C86E066139B9D5F002E69DA /* Plugins */,
				5C86E045139B9D5F002E69DA /* Supporting Files */,
			);
			path = iStudent;
			sourceTree = "<group>";
		};
		5C86E045139B9D5F002E69DA /* Supporting Files */ = {
			isa = PBXGroup;
			children = (
				5C86E046139B9D5F002E69DA /* iStudent-Info.plist */,
				5C86E048139B9D5F002E69DA /* InfoPlist.strings */,
				5C86E04B139B9D5F002E69DA /* iStudent-Prefix.pch */,
				5C86E04C139B9D5F002E69DA /* main.m */,
				5C86E05F139B9D5F002E69DA /* PhoneGap.plist */,
			);
			name = "Supporting Files";
			sourceTree = "<group>";
		};
		5C86E050139B9D5F002E69DA /* Resources */ = {
			isa = PBXGroup;
			children = (
				5C86E051139B9D5F002E69DA /* icons */,
				5C86E058139B9D5F002E69DA /* splash */,
			);
			name = Resources;
			sourceTree = "<group>";
		};
		5C86E051139B9D5F002E69DA /* icons */ = {
			isa = PBXGroup;
			children = (
				5C86E052139B9D5F002E69DA /* icon.png */,
				5C86E054139B9D5F002E69DA /* icon@2x.png */,
				5C86E056139B9D5F002E69DA /* icon-72.png */,
			);
			name = icons;
			sourceTree = "<group>";
		};
		5C86E058139B9D5F002E69DA /* splash */ = {
			isa = PBXGroup;
			children = (
				5C86E072139BA3A4002E69DA /* Default-Portrait~ipad.png */,
				5C86E059139B9D5F002E69DA /* Default.png */,
				5C86E05B139B9D5F002E69DA /* Default@2x.png */,
				5C86E05D139B9D5F002E69DA /* Default~iPad.png */,
			);
			name = splash;
			sourceTree = "<group>";
		};
		5C86E061139B9D5F002E69DA /* Classes */ = {
			isa = PBXGroup;
			children = (
				5C86E062139B9D5F002E69DA /* AppDelegate.h */,
				5C86E064139B9D5F002E69DA /* AppDelegate.m */,
			);
			name = Classes;
			sourceTree = "<group>";
		};
		5C86E066139B9D5F002E69DA /* Plugins */ = {
			isa = PBXGroup;
			children = (
				5C86E067139B9D5F002E69DA /* README */,
			);
			name = Plugins;
			sourceTree = "<group>";
		};
/* End PBXGroup section */

/* Begin PBXNativeTarget section */
		5C86E027139B9D5F002E69DA /* iStudent */ = {
			isa = PBXNativeTarget;
			buildConfigurationList = 5C86E06B139B9D5F002E69DA /* Build configuration list for PBXNativeTarget "iStudent" */;
			buildPhases = (
				5C86E021139B9D5F002E69DA /* Sources */,
				5C86E022139B9D5F002E69DA /* Frameworks */,
				5C86E023139B9D5F002E69DA /* Resources */,
				5C86E024139B9D5F002E69DA /* Sources */,
				5C86E025139B9D5F002E69DA /* Frameworks */,
				5C86E026139B9D5F002E69DA /* ShellScript */,
			);
			buildRules = (
			);
			dependencies = (
			);
			name = iStudent;
			productName = iStudent;
			productReference = 5C86E028139B9D5F002E69DA /* iStudent.app */;
			productType = "com.apple.product-type.application";
		};
/* End PBXNativeTarget section */

/* Begin PBXProject section */
		5C86E01C139B9D5F002E69DA /* Project object */ = {
			isa = PBXProject;
			attributes = {
				ORGANIZATIONNAME = Flux;
			};
			buildConfigurationList = 5C86E01F139B9D5F002E69DA /* Build configuration list for PBXProject "iStudent" */;
			compatibilityVersion = "Xcode 3.2";
			developmentRegion = English;
			hasScannedForEncodings = 0;
			knownRegions = (
				en,
			);
			mainGroup = 5C86E01A139B9D5F002E69DA;
			productRefGroup = 5C86E029139B9D5F002E69DA /* Products */;
			projectDirPath = "";
			projectRoot = "";
			targets = (
				5C86E027139B9D5F002E69DA /* iStudent */,
			);
		};
/* End PBXProject section */

/* Begin PBXResourcesBuildPhase section */
		5C86E023139B9D5F002E69DA /* Resources */ = {
			isa = PBXResourcesBuildPhase;
			buildActionMask = 2147483647;
			files = (
				5C86E053139B9D5F002E69DA /* icon.png in Resources */,
				5C86E055139B9D5F002E69DA /* icon@2x.png in Resources */,
				5C86E057139B9D5F002E69DA /* icon-72.png in Resources */,
				5C86E05A139B9D5F002E69DA /* Default.png in Resources */,
				5C86E05C139B9D5F002E69DA /* Default@2x.png in Resources */,
				5C86E05E139B9D5F002E69DA /* Default~iPad.png in Resources */,
				5C86E060139B9D5F002E69DA /* PhoneGap.plist in Resources */,
				5C86E063139B9D5F002E69DA /* AppDelegate.h in Resources */,
				5C86E068139B9D5F002E69DA /* README in Resources */,
				5C86E06F139B9D8D002E69DA /* www in Resources */,
				5C86E073139BA3A4002E69DA /* Default-Portrait~ipad.png in Resources */,
				5C780B47139BCA3E001C33CD /* icon.png in Resources */,
				5C780B4A139BCA4A001C33CD /* icon@2x.png in Resources */,
				5C780B4C139BCA54001C33CD /* icon-72.png in Resources */,
			);
			runOnlyForDeploymentPostprocessing = 0;
		};
/* End PBXResourcesBuildPhase section */

/* Begin PBXShellScriptBuildPhase section */
		5C86E026139B9D5F002E69DA /* ShellScript */ = {
			isa = PBXShellScriptBuildPhase;
			buildActionMask = 2147483647;
			files = (
			);
			inputPaths = (
			);
			outputPaths = (
			);
			runOnlyForDeploymentPostprocessing = 0;
			shellPath = /bin/bash;
			shellScript = "\n\t\t\t\t\t\t\t\tif [ ! -d \"$PROJECT_DIR/www\" ] ; then\n\t\t\t\t\t\t\t\t\tcp -R /Users/Shared/PhoneGap/Frameworks/PhoneGap.framework/www \"$PROJECT_DIR\"\n\t\t\t\t\t\t\t\tfi\n\t\t\t\t\t\t\t\t# detect www folder reference in project, if missing, print warning\n\t\t\t\t\t\t\t\tgrep \"{isa = PBXFileReference; lastKnownFileType = folder; path = www; sourceTree = \\\"<group>\\\"; };\" \"$PROJECT_DIR/$PROJECT_NAME.xcodeproj/project.pbxproj\"\n\t\t\t\t\t\t\t\trc=$? \n\t\t\t\t\t\t\t\tif [ $rc != 0 ] ; then\n\t\t\t\t\t\t\t\techo -e \"warning: Missing - Add $PROJECT_DIR/www as a folder reference in your project. Just drag and drop the folder into your project, in Xcode 4.\" 1>&2\n\t\t\t\t\t\t\t\tfi\t\t\t\t\t\t\t";
		};
/* End PBXShellScriptBuildPhase section */

/* Begin PBXSourcesBuildPhase section */
		5C86E021139B9D5F002E69DA /* Sources */ = {
			isa = PBXSourcesBuildPhase;
			buildActionMask = 2147483647;
			files = (
				5C86E04D139B9D5F002E69DA /* main.m in Sources */,
				5C86E065139B9D5F002E69DA /* AppDelegate.m in Sources */,
			);
			runOnlyForDeploymentPostprocessing = 0;
		};
		5C86E024139B9D5F002E69DA /* Sources */ = {
			isa = PBXSourcesBuildPhase;
			buildActionMask = 2147483647;
			files = (
			);
			runOnlyForDeploymentPostprocessing = 0;
		};
/* End PBXSourcesBuildPhase section */

/* Begin PBXVariantGroup section */
		5C86E048139B9D5F002E69DA /* InfoPlist.strings */ = {
			isa = PBXVariantGroup;
			children = (
				5C86E049139B9D5F002E69DA /* en */,
			);
			name = InfoPlist.strings;
			sourceTree = "<group>";
		};
/* End PBXVariantGroup section */

/* Begin XCBuildConfiguration section */
		5C86E069139B9D5F002E69DA /* Debug */ = {
			isa = XCBuildConfiguration;
			buildSettings = {
				ARCHS = "$(ARCHS_STANDARD_32_BIT)";
				"CODE_SIGN_IDENTITY[sdk=iphoneos*]" = "iPhone Developer";
				GCC_C_LANGUAGE_STANDARD = gnu99;
				GCC_OPTIMIZATION_LEVEL = 0;
				GCC_PREPROCESSOR_DEFINITIONS = DEBUG;
				GCC_SYMBOLS_PRIVATE_EXTERN = NO;
				GCC_VERSION = com.apple.compilers.llvmgcc42;
				GCC_WARN_ABOUT_RETURN_TYPE = YES;
				GCC_WARN_UNUSED_VARIABLE = YES;
				IPHONEOS_DEPLOYMENT_TARGET = 3.1;
				SDKROOT = iphoneos;
			};
			name = Debug;
		};
		5C86E06A139B9D5F002E69DA /* Release */ = {
			isa = XCBuildConfiguration;
			buildSettings = {
				ARCHS = "$(ARCHS_STANDARD_32_BIT)";
				"CODE_SIGN_IDENTITY[sdk=iphoneos*]" = "iPhone Developer";
				GCC_C_LANGUAGE_STANDARD = gnu99;
				GCC_VERSION = com.apple.compilers.llvmgcc42;
				GCC_WARN_ABOUT_RETURN_TYPE = YES;
				GCC_WARN_UNUSED_VARIABLE = YES;
				IPHONEOS_DEPLOYMENT_TARGET = 3.1;
				SDKROOT = iphoneos;
			};
			name = Release;
		};
		5C86E06C139B9D5F002E69DA /* Debug */ = {
			isa = XCBuildConfiguration;
			buildSettings = {
				ALWAYS_SEARCH_USER_PATHS = YES;
				COPY_PHASE_STRIP = NO;
				FRAMEWORK_SEARCH_PATHS = /Users/Shared/PhoneGap/Frameworks;
				GCC_DYNAMIC_NO_PIC = NO;
				GCC_PRECOMPILE_PREFIX_HEADER = YES;
				GCC_PREFIX_HEADER = "iStudent/iStudent-Prefix.pch";
				GCC_PREPROCESSOR_DEFINITIONS = "PHONEGAP_FRAMEWORK=YES";
				INFOPLIST_FILE = "iStudent/iStudent-Info.plist";
				IPHONEOS_DEPLOYMENT_TARGET = 4.3;
				PRODUCT_NAME = "$(TARGET_NAME)";
				TARGETED_DEVICE_FAMILY = "1,2";
				WRAPPER_EXTENSION = app;
			};
			name = Debug;
		};
		5C86E06D139B9D5F002E69DA /* Release */ = {
			isa = XCBuildConfiguration;
			buildSettings = {
				ALWAYS_SEARCH_USER_PATHS = YES;
				COPY_PHASE_STRIP = YES;
				DEBUG_INFORMATION_FORMAT = "dwarf-with-dsym";
				FRAMEWORK_SEARCH_PATHS = /Users/Shared/PhoneGap/Frameworks;
				GCC_PRECOMPILE_PREFIX_HEADER = YES;
				GCC_PREFIX_HEADER = "iStudent/iStudent-Prefix.pch";
				GCC_PREPROCESSOR_DEFINITIONS = "PHONEGAP_FRAMEWORK=YES";
				INFOPLIST_FILE = "iStudent/iStudent-Info.plist";
				IPHONEOS_DEPLOYMENT_TARGET = 4.3;
				PRODUCT_NAME = "$(TARGET_NAME)";
				TARGETED_DEVICE_FAMILY = "1,2";
				VALIDATE_PRODUCT = YES;
				WRAPPER_EXTENSION = app;
			};
			name = Release;
		};
/* End XCBuildConfiguration section */

/* Begin XCConfigurationList section */
		5C86E01F139B9D5F002E69DA /* Build configuration list for PBXProject "iStudent" */ = {
			isa = XCConfigurationList;
			buildConfigurations = (
				5C86E069139B9D5F002E69DA /* Debug */,
				5C86E06A139B9D5F002E69DA /* Release */,
			);
			defaultConfigurationIsVisible = 0;
			defaultConfigurationName = Release;
		};
		5C86E06B139B9D5F002E69DA /* Build configuration list for PBXNativeTarget "iStudent" */ = {
			isa = XCConfigurationList;
			buildConfigurations = (
				5C86E06C139B9D5F002E69DA /* Debug */,
				5C86E06D139B9D5F002E69DA /* Release */,
			);
			defaultConfigurationIsVisible = 0;
			defaultConfigurationName = Release;
		};
/* End XCConfigurationList section */
	};
	rootObject = 5C86E01C139B9D5F002E69DA /* Project object */;
}
